
Microsoft Visual Studio Solution File, Format Version 12.00
# Visual Studio Version 16
VisualStudioVersion = 16.0.32901.82
MinimumVisualStudioVersion = 10.0.40219.1
Project("{FAE04EC0-301F-11D3-BF4B-00C04F79EFBC}") = "215-ZARIFULLIN7", "215-ZARIFULLIN7.csproj", "{C4E9A29C-9ECE-45B4-A4B9-A6F898AD1A29}"
EndProject
Global
	GlobalSection(SolutionConfigurationPlatforms) = preSolution
		Debug|Any CPU = Debug|Any CPU
		Release|Any CPU = Release|Any CPU
	EndGlobalSection
	GlobalSection(ProjectConfigurationPlatforms) = postSolution
		{C4E9A29C-9ECE-45B4-A4B9-A6F898AD1A29}.Debug|Any CPU.ActiveCfg = Debug|Any CPU
		{C4E9A29C-9ECE-45B4-A4B9-A6F898AD1A29}.Debug|Any CPU.Build.0 = Debug|Any CPU
		{C4E9A29C-9ECE-45B4-A4B9-A6F898AD1A29}.Release|Any CPU.ActiveCfg = Release|Any CPU
		{C4E9A29C-9ECE-45B4-A4B9-A6F898AD1A29}.Release|Any CPU.Build.0 = Release|Any CPU
	EndGlobalSection
	GlobalSection(SolutionProperties) = preSolution
		HideSolutionNode = FALSE
	EndGlobalSection
	GlobalSection(ExtensibilityGlobals) = postSolution
		SolutionGuid = {ACFD876E-E166-4700-A641-85185B917CD2}
	EndGlobalSection
EndGlobal
